Microsoft Visual Studio Solution File, Format Version 12.00
# Visual Studio Version 17
VisualStudioVersion = 17.5.2.0
MinimumVisualStudioVersion = 10.0.40219.1
Project("{2150E333-8FDC-42A3-9474-1A3956D46DE8}") = "Evidencia1", "Evidencia1", "{E2E34BC5-613D-BC80-F67F-A4D9BAC07276}"
EndProject
Project("{FAE04EC0-301F-11D3-BF4B-00C04F79EFBC}") = "ejercicio17", "Evidencia1\ejercicio17\ejercicio17.csproj", "{94CEB7CB-C9F3-197A-EC99-35E30B5FC75F}"
EndProject
Project("{FAE04EC0-301F-11D3-BF4B-00C04F79EFBC}") = "ejercicio11", "Evidencia1\ejercicio11\ejercicio11.csproj", "{12DB10D8-68B9-533F-B7BF-2E04B41ECEEC}"
EndProject
Project("{FAE04EC0-301F-11D3-BF4B-00C04F79EFBC}") = "ejercicio3", "Evidencia1\ejercicio3\ejercicio3.csproj", "{C4B86B13-279D-541E-0C01-316B6B865B91}"
EndProject
Project("{FAE04EC0-301F-11D3-BF4B-00C04F79EFBC}") = "ejercicio19", "Evidencia1\ejercicio19\ejercicio19.csproj", "{5E9CBB7E-0D54-7C8D-687D-1C67018F5F39}"
EndProject
Project("{FAE04EC0-301F-11D3-BF4B-00C04F79EFBC}") = "ejercicio7", "Evidencia1\ejercicio7\ejercicio7.csproj", "{A469D0DB-B784-2186-C963-6EEFFCABE750}"
EndProject
Project("{FAE04EC0-301F-11D3-BF4B-00C04F79EFBC}") = "ejercicio13", "Evidencia1\ejercicio13\ejercicio13.csproj", "{0E658639-E6E0-EBEA-F8A0-DB5C07C1870A}"
EndProject
Project("{FAE04EC0-301F-11D3-BF4B-00C04F79EFBC}") = "ejercicio16", "Evidencia1\ejercicio16\ejercicio16.csproj", "{52C05A76-210E-5F24-90EE-17D076914C0F}"
EndProject
Project("{FAE04EC0-301F-11D3-BF4B-00C04F79EFBC}") = "ejercicio10", "Evidencia1\ejercicio10\ejercicio10.csproj", "{15885A0D-950F-CDA4-A2BB-0BC3638A153F}"
EndProject
Project("{FAE04EC0-301F-11D3-BF4B-00C04F79EFBC}") = "ejercicio4", "Evidencia1\ejercicio4\ejercicio4.csproj", "{D8020EEE-2C2B-E736-B586-937DB3EDA496}"
EndProject
Project("{FAE04EC0-301F-11D3-BF4B-00C04F79EFBC}") = "ejercicio5", "Evidencia1\ejercicio5\ejercicio5.csproj", "{CAC66EC8-7912-60F2-8ED6-E0CFC55B6BFE}"
EndProject
Project("{FAE04EC0-301F-11D3-BF4B-00C04F79EFBC}") = "ejercicio12", "Evidencia1\ejercicio12\ejercicio12.csproj", "{745006BA-F7B9-1AFA-54B3-E95ED5C05FDF}"
EndProject
Project("{FAE04EC0-301F-11D3-BF4B-00C04F79EFBC}") = "ejercicio14", "Evidencia1\ejercicio14\ejercicio14.csproj", "{C9CFE6FA-51D4-C589-4751-3B9EF16F4D81}"
EndProject
Project("{FAE04EC0-301F-11D3-BF4B-00C04F79EFBC}") = "ejercicio15", "Evidencia1\ejercicio15\ejercicio15.csproj", "{27D6586C-A990-45A2-93DD-991ECB7E7FDD}"
EndProject
Project("{FAE04EC0-301F-11D3-BF4B-00C04F79EFBC}") = "ejercicio18", "Evidencia1\ejercicio18\ejercicio18.csproj", "{892C561A-A4E5-7729-F931-75E6D49A1259}"
EndProject
Project("{FAE04EC0-301F-11D3-BF4B-00C04F79EFBC}") = "ejercicio8", "Evidencia1\ejercicio8\ejercicio8.csproj", "{5528B6A3-AD44-DB7C-87EE-FC7609B47055}"
EndProject
Project("{FAE04EC0-301F-11D3-BF4B-00C04F79EFBC}") = "ejercicio9", "Evidencia1\ejercicio9\ejercicio9.csproj", "{37E6A87F-0815-6E24-7B8C-4E727BE67860}"
EndProject
Project("{FAE04EC0-301F-11D3-BF4B-00C04F79EFBC}") = "ejercicio20", "Evidencia1\ejercicio20\ejercicio20.csproj", "{65AE9029-78D0-4897-26B9-93C6382255D3}"
EndProject
Project("{FAE04EC0-301F-11D3-BF4B-00C04F79EFBC}") = "ejercicio6", "Evidencia1\ejercicio6\ejercicio6.csproj", "{6F0B62DD-9D86-84CB-B619-AEC7C4335A8C}"
EndProject
Global
	GlobalSection(SolutionConfigurationPlatforms) = preSolution
		Debug|Any CPU = Debug|Any CPU
		Release|Any CPU = Release|Any CPU
	EndGlobalSection
	GlobalSection(ProjectConfigurationPlatforms) = postSolution
		{94CEB7CB-C9F3-197A-EC99-35E30B5FC75F}.Debug|Any CPU.ActiveCfg = Debug|Any CPU
		{94CEB7CB-C9F3-197A-EC99-35E30B5FC75F}.Debug|Any CPU.Build.0 = Debug|Any CPU
		{94CEB7CB-C9F3-197A-EC99-35E30B5FC75F}.Release|Any CPU.ActiveCfg = Release|Any CPU
		{94CEB7CB-C9F3-197A-EC99-35E30B5FC75F}.Release|Any CPU.Build.0 = Release|Any CPU
		{12DB10D8-68B9-533F-B7BF-2E04B41ECEEC}.Debug|Any CPU.ActiveCfg = Debug|Any CPU
		{12DB10D8-68B9-533F-B7BF-2E04B41ECEEC}.Debug|Any CPU.Build.0 = Debug|Any CPU
		{12DB10D8-68B9-533F-B7BF-2E04B41ECEEC}.Release|Any CPU.ActiveCfg = Release|Any CPU
		{12DB10D8-68B9-533F-B7BF-2E04B41ECEEC}.Release|Any CPU.Build.0 = Release|Any CPU
		{C4B86B13-279D-541E-0C01-316B6B865B91}.Debug|Any CPU.ActiveCfg = Debug|Any CPU
		{C4B86B13-279D-541E-0C01-316B6B865B91}.Debug|Any CPU.Build.0 = Debug|Any CPU
		{C4B86B13-279D-541E-0C01-316B6B865B91}.Release|Any CPU.ActiveCfg = Release|Any CPU
		{C4B86B13-279D-541E-0C01-316B6B865B91}.Release|Any CPU.Build.0 = Release|Any CPU
		{5E9CBB7E-0D54-7C8D-687D-1C67018F5F39}.Debug|Any CPU.ActiveCfg = Debug|Any CPU
		{5E9CBB7E-0D54-7C8D-687D-1C67018F5F39}.Debug|Any CPU.Build.0 = Debug|Any CPU
		{5E9CBB7E-0D54-7C8D-687D-1C67018F5F39}.Release|Any CPU.ActiveCfg = Release|Any CPU
		{5E9CBB7E-0D54-7C8D-687D-1C67018F5F39}.Release|Any CPU.Build.0 = Release|Any CPU
		{A469D0DB-B784-2186-C963-6EEFFCABE750}.Debug|Any CPU.ActiveCfg = Debug|Any CPU
		{A469D0DB-B784-2186-C963-6EEFFCABE750}.Debug|Any CPU.Build.0 = Debug|Any CPU
		{A469D0DB-B784-2186-C963-6EEFFCABE750}.Release|Any CPU.ActiveCfg = Release|Any CPU
		{A469D0DB-B784-2186-C963-6EEFFCABE750}.Release|Any CPU.Build.0 = Release|Any CPU
		{0E658639-E6E0-EBEA-F8A0-DB5C07C1870A}.Debug|Any CPU.ActiveCfg = Debug|Any CPU
		{0E658639-E6E0-EBEA-F8A0-DB5C07C1870A}.Debug|Any CPU.Build.0 = Debug|Any CPU
		{0E658639-E6E0-EBEA-F8A0-DB5C07C1870A}.Release|Any CPU.ActiveCfg = Release|Any CPU
		{0E658639-E6E0-EBEA-F8A0-DB5C07C1870A}.Release|Any CPU.Build.0 = Release|Any CPU
		{52C05A76-210E-5F24-90EE-17D076914C0F}.Debug|Any CPU.ActiveCfg = Debug|Any CPU
		{52C05A76-210E-5F24-90EE-17D076914C0F}.Debug|Any CPU.Build.0 = Debug|Any CPU
		{52C05A76-210E-5F24-90EE-17D076914C0F}.Release|Any CPU.ActiveCfg = Release|Any CPU
		{52C05A76-210E-5F24-90EE-17D076914C0F}.Release|Any CPU.Build.0 = Release|Any CPU
		{15885A0D-950F-CDA4-A2BB-0BC3638A153F}.Debug|Any CPU.ActiveCfg = Debug|Any CPU
		{15885A0D-950F-CDA4-A2BB-0BC3638A153F}.Debug|Any CPU.Build.0 = Debug|Any CPU
		{15885A0D-950F-CDA4-A2BB-0BC3638A153F}.Release|Any CPU.ActiveCfg = Release|Any CPU
		{15885A0D-950F-CDA4-A2BB-0BC3638A153F}.Release|Any CPU.Build.0 = Release|Any CPU
		{D8020EEE-2C2B-E736-B586-937DB3EDA496}.Debug|Any CPU.ActiveCfg = Debug|Any CPU
		{D8020EEE-2C2B-E736-B586-937DB3EDA496}.Debug|Any CPU.Build.0 = Debug|Any CPU
		{D8020EEE-2C2B-E736-B586-937DB3EDA496}.Release|Any CPU.ActiveCfg = Release|Any CPU
		{D8020EEE-2C2B-E736-B586-937DB3EDA496}.Release|Any CPU.Build.0 = Release|Any CPU
		{CAC66EC8-7912-60F2-8ED6-E0CFC55B6BFE}.Debug|Any CPU.ActiveCfg = Debug|Any CPU
		{CAC66EC8-7912-60F2-8ED6-E0CFC55B6BFE}.Debug|Any CPU.Build.0 = Debug|Any CPU
		{CAC66EC8-7912-60F2-8ED6-E0CFC55B6BFE}.Release|Any CPU.ActiveCfg = Release|Any CPU
		{CAC66EC8-7912-60F2-8ED6-E0CFC55B6BFE}.Release|Any CPU.Build.0 = Release|Any CPU
		{745006BA-F7B9-1AFA-54B3-E95ED5C05FDF}.Debug|Any CPU.ActiveCfg = Debug|Any CPU
		{745006BA-F7B9-1AFA-54B3-E95ED5C05FDF}.Debug|Any CPU.Build.0 = Debug|Any CPU
		{745006BA-F7B9-1AFA-54B3-E95ED5C05FDF}.Release|Any CPU.ActiveCfg = Release|Any CPU
		{745006BA-F7B9-1AFA-54B3-E95ED5C05FDF}.Release|Any CPU.Build.0 = Release|Any CPU
		{C9CFE6FA-51D4-C589-4751-3B9EF16F4D81}.Debug|Any CPU.ActiveCfg = Debug|Any CPU
		{C9CFE6FA-51D4-C589-4751-3B9EF16F4D81}.Debug|Any CPU.Build.0 = Debug|Any CPU
		{C9CFE6FA-51D4-C589-4751-3B9EF16F4D81}.Release|Any CPU.ActiveCfg = Release|Any CPU
		{C9CFE6FA-51D4-C589-4751-3B9EF16F4D81}.Release|Any CPU.Build.0 = Release|Any CPU
		{27D6586C-A990-45A2-93DD-991ECB7E7FDD}.Debug|Any CPU.ActiveCfg = Debug|Any CPU
		{27D6586C-A990-45A2-93DD-991ECB7E7FDD}.Debug|Any CPU.Build.0 = Debug|Any CPU
		{27D6586C-A990-45A2-93DD-991ECB7E7FDD}.Release|Any CPU.ActiveCfg = Release|Any CPU
		{27D6586C-A990-45A2-93DD-991ECB7E7FDD}.Release|Any CPU.Build.0 = Release|Any CPU
		{892C561A-A4E5-7729-F931-75E6D49A1259}.Debug|Any CPU.ActiveCfg = Debug|Any CPU
		{892C561A-A4E5-7729-F931-75E6D49A1259}.Debug|Any CPU.Build.0 = Debug|Any CPU
		{892C561A-A4E5-7729-F931-75E6D49A1259}.Release|Any CPU.ActiveCfg = Release|Any CPU
		{892C561A-A4E5-7729-F931-75E6D49A1259}.Release|Any CPU.Build.0 = Release|Any CPU
		{5528B6A3-AD44-DB7C-87EE-FC7609B47055}.Debug|Any CPU.ActiveCfg = Debug|Any CPU
		{5528B6A3-AD44-DB7C-87EE-FC7609B47055}.Debug|Any CPU.Build.0 = Debug|Any CPU
		{5528B6A3-AD44-DB7C-87EE-FC7609B47055}.Release|Any CPU.ActiveCfg = Release|Any CPU
		{5528B6A3-AD44-DB7C-87EE-FC7609B47055}.Release|Any CPU.Build.0 = Release|Any CPU
		{37E6A87F-0815-6E24-7B8C-4E727BE67860}.Debug|Any CPU.ActiveCfg = Debug|Any CPU
		{37E6A87F-0815-6E24-7B8C-4E727BE67860}.Debug|Any CPU.Build.0 = Debug|Any CPU
		{37E6A87F-0815-6E24-7B8C-4E727BE67860}.Release|Any CPU.ActiveCfg = Release|Any CPU
		{37E6A87F-0815-6E24-7B8C-4E727BE67860}.Release|Any CPU.Build.0 = Release|Any CPU
		{65AE9029-78D0-4897-26B9-93C6382255D3}.Debug|Any CPU.ActiveCfg = Debug|Any CPU
		{65AE9029-78D0-4897-26B9-93C6382255D3}.Debug|Any CPU.Build.0 = Debug|Any CPU
		{65AE9029-78D0-4897-26B9-93C6382255D3}.Release|Any CPU.ActiveCfg = Release|Any CPU
		{65AE9029-78D0-4897-26B9-93C6382255D3}.Release|Any CPU.Build.0 = Release|Any CPU
		{6F0B62DD-9D86-84CB-B619-AEC7C4335A8C}.Debug|Any CPU.ActiveCfg = Debug|Any CPU
		{6F0B62DD-9D86-84CB-B619-AEC7C4335A8C}.Debug|Any CPU.Build.0 = Debug|Any CPU
		{6F0B62DD-9D86-84CB-B619-AEC7C4335A8C}.Release|Any CPU.ActiveCfg = Release|Any CPU
		{6F0B62DD-9D86-84CB-B619-AEC7C4335A8C}.Release|Any CPU.Build.0 = Release|Any CPU
	EndGlobalSection
	GlobalSection(SolutionProperties) = preSolution
		HideSolutionNode = FALSE
	EndGlobalSection
	GlobalSection(NestedProjects) = preSolution
		{94CEB7CB-C9F3-197A-EC99-35E30B5FC75F} = {E2E34BC5-613D-BC80-F67F-A4D9BAC07276}
		{12DB10D8-68B9-533F-B7BF-2E04B41ECEEC} = {E2E34BC5-613D-BC80-F67F-A4D9BAC07276}
		{C4B86B13-279D-541E-0C01-316B6B865B91} = {E2E34BC5-613D-BC80-F67F-A4D9BAC07276}
		{5E9CBB7E-0D54-7C8D-687D-1C67018F5F39} = {E2E34BC5-613D-BC80-F67F-A4D9BAC07276}
		{A469D0DB-B784-2186-C963-6EEFFCABE750} = {E2E34BC5-613D-BC80-F67F-A4D9BAC07276}
		{0E658639-E6E0-EBEA-F8A0-DB5C07C1870A} = {E2E34BC5-613D-BC80-F67F-A4D9BAC07276}
		{52C05A76-210E-5F24-90EE-17D076914C0F} = {E2E34BC5-613D-BC80-F67F-A4D9BAC07276}
		{15885A0D-950F-CDA4-A2BB-0BC3638A153F} = {E2E34BC5-613D-BC80-F67F-A4D9BAC07276}
		{D8020EEE-2C2B-E736-B586-937DB3EDA496} = {E2E34BC5-613D-BC80-F67F-A4D9BAC07276}
		{CAC66EC8-7912-60F2-8ED6-E0CFC55B6BFE} = {E2E34BC5-613D-BC80-F67F-A4D9BAC07276}
		{745006BA-F7B9-1AFA-54B3-E95ED5C05FDF} = {E2E34BC5-613D-BC80-F67F-A4D9BAC07276}
		{C9CFE6FA-51D4-C589-4751-3B9EF16F4D81} = {E2E34BC5-613D-BC80-F67F-A4D9BAC07276}
		{27D6586C-A990-45A2-93DD-991ECB7E7FDD} = {E2E34BC5-613D-BC80-F67F-A4D9BAC07276}
		{892C561A-A4E5-7729-F931-75E6D49A1259} = {E2E34BC5-613D-BC80-F67F-A4D9BAC07276}
		{5528B6A3-AD44-DB7C-87EE-FC7609B47055} = {E2E34BC5-613D-BC80-F67F-A4D9BAC07276}
		{37E6A87F-0815-6E24-7B8C-4E727BE67860} = {E2E34BC5-613D-BC80-F67F-A4D9BAC07276}
		{65AE9029-78D0-4897-26B9-93C6382255D3} = {E2E34BC5-613D-BC80-F67F-A4D9BAC07276}
		{6F0B62DD-9D86-84CB-B619-AEC7C4335A8C} = {E2E34BC5-613D-BC80-F67F-A4D9BAC07276}
	EndGlobalSection
	GlobalSection(ExtensibilityGlobals) = postSolution
		SolutionGuid = {06F9C181-0070-4D5E-9D80-B4DF81B3E4C6}
	EndGlobalSection
EndGlobal
